
Microsoft Visual Studio Solution File, Format Version 10.00
# Visual Studio 2008
Project("{FAE04EC0-301F-11D3-BF4B-00C04F79EFBC}") = "SQLiteCeExample", "SQLiteCeExample\SQLiteCeExample.csproj", "{7ED473BA-FC27-4293-9C89-CA76A2183875}"
EndProject
Global
	GlobalSection(SolutionConfigurationPlatforms) = preSolution
		Debug|Any CPU = Debug|Any CPU
		Release|Any CPU = Release|Any CPU
	EndGlobalSection
	GlobalSection(ProjectConfigurationPlatforms) = postSolution
		{7ED473BA-FC27-4293-9C89-CA76A2183875}.Debug|Any CPU.ActiveCfg = Debug|Any CPU
		{7ED473BA-FC27-4293-9C89-CA76A2183875}.Debug|Any CPU.Build.0 = Debug|Any CPU
		{7ED473BA-FC27-4293-9C89-CA76A2183875}.Debug|Any CPU.Deploy.0 = Debug|Any CPU
		{7ED473BA-FC27-4293-9C89-CA76A2183875}.Release|Any CPU.ActiveCfg = Release|Any CPU
		{7ED473BA-FC27-4293-9C89-CA76A2183875}.Release|Any CPU.Build.0 = Release|Any CPU
		{7ED473BA-FC27-4293-9C89-CA76A2183875}.Release|Any CPU.Deploy.0 = Release|Any CPU
	EndGlobalSection
	GlobalSection(SolutionProperties) = preSolution
		HideSolutionNode = FALSE
	EndGlobalSection
EndGlobal
